
Microsoft Visual Studio Solution File, Format Version 12.00
# Visual Studio Version 17
VisualStudioVersion = 17.3.32929.385
MinimumVisualStudioVersion = 10.0.40219.1
Project("{FAE04EC0-301F-11D3-BF4B-00C04F79EFBC}") = "Password.Generator", "Password.Generator.csproj", "{228E9578-DC03-45D1-BA78-FE557FA6775A}"
EndProject
Global
	GlobalSection(SolutionConfigurationPlatforms) = preSolution
		Debug|Any CPU = Debug|Any CPU
		Release|Any CPU = Release|Any CPU
	EndGlobalSection
	GlobalSection(ProjectConfigurationPlatforms) = postSolution
		{228E9578-DC03-45D1-BA78-FE557FA6775A}.Debug|Any CPU.ActiveCfg = Debug|Any CPU
		{228E9578-DC03-45D1-BA78-FE557FA6775A}.Debug|Any CPU.Build.0 = Debug|Any CPU
		{228E9578-DC03-45D1-BA78-FE557FA6775A}.Release|Any CPU.ActiveCfg = Release|Any CPU
		{228E9578-DC03-45D1-BA78-FE557FA6775A}.Release|Any CPU.Build.0 = Release|Any CPU
	EndGlobalSection
	GlobalSection(SolutionProperties) = preSolution
		HideSolutionNode = FALSE
	EndGlobalSection
	GlobalSection(ExtensibilityGlobals) = postSolution
		SolutionGuid = {F1AFA42D-8A14-4ED9-AD01-C647ADF4E658}
	EndGlobalSection
EndGlobal
